
Microsoft Visual Studio Solution File, Format Version 12.00
# Visual Studio Version 16
VisualStudioVersion = 16.0.31729.503
MinimumVisualStudioVersion = 10.0.40219.1
Project("{FAE04EC0-301F-11D3-BF4B-00C04F79EFBC}") = "Exercise_Lab02", "Exercise_Lab02\Exercise_Lab02.csproj", "{6569B5FF-4737-44F3-9980-BBDEF7155424}"
EndProject
Global
	GlobalSection(SolutionConfigurationPlatforms) = preSolution
		Debug|Any CPU = Debug|Any CPU
		Release|Any CPU = Release|Any CPU
	EndGlobalSection
	GlobalSection(ProjectConfigurationPlatforms) = postSolution
		{6569B5FF-4737-44F3-9980-BBDEF7155424}.Debug|Any CPU.ActiveCfg = Debug|Any CPU
		{6569B5FF-4737-44F3-9980-BBDEF7155424}.Debug|Any CPU.Build.0 = Debug|Any CPU
		{6569B5FF-4737-44F3-9980-BBDEF7155424}.Release|Any CPU.ActiveCfg = Release|Any CPU
		{6569B5FF-4737-44F3-9980-BBDEF7155424}.Release|Any CPU.Build.0 = Release|Any CPU
	EndGlobalSection
	GlobalSection(SolutionProperties) = preSolution
		HideSolutionNode = FALSE
	EndGlobalSection
	GlobalSection(ExtensibilityGlobals) = postSolution
		SolutionGuid = {4B5F9221-66A2-4B9A-A047-FD37DE3DB4DA}
	EndGlobalSection
EndGlobal
