
Microsoft Visual Studio Solution File, Format Version 12.00
# Visual Studio Version 16
VisualStudioVersion = 16.0.31729.503
MinimumVisualStudioVersion = 10.0.40219.1
Project("{FAE04EC0-301F-11D3-BF4B-00C04F79EFBC}") = "Exercise_Lab05", "Exercise_Lab05\Exercise_Lab05.csproj", "{D04C6884-4D2C-4D84-9E93-0C7843F43733}"
EndProject
Global
	GlobalSection(SolutionConfigurationPlatforms) = preSolution
		Debug|Any CPU = Debug|Any CPU
		Release|Any CPU = Release|Any CPU
	EndGlobalSection
	GlobalSection(ProjectConfigurationPlatforms) = postSolution
		{D04C6884-4D2C-4D84-9E93-0C7843F43733}.Debug|Any CPU.ActiveCfg = Debug|Any CPU
		{D04C6884-4D2C-4D84-9E93-0C7843F43733}.Debug|Any CPU.Build.0 = Debug|Any CPU
		{D04C6884-4D2C-4D84-9E93-0C7843F43733}.Release|Any CPU.ActiveCfg = Release|Any CPU
		{D04C6884-4D2C-4D84-9E93-0C7843F43733}.Release|Any CPU.Build.0 = Release|Any CPU
	EndGlobalSection
	GlobalSection(SolutionProperties) = preSolution
		HideSolutionNode = FALSE
	EndGlobalSection
	GlobalSection(ExtensibilityGlobals) = postSolution
		SolutionGuid = {3D17CF5A-69B4-4BAE-A356-03C1CEE7CDA1}
	EndGlobalSection
EndGlobal
